
Microsoft Visual Studio Solution File, Format Version 12.00
# Visual Studio Version 17
VisualStudioVersion = 17.9.34622.214
MinimumVisualStudioVersion = 10.0.40219.1
Project("{FAE04EC0-301F-11D3-BF4B-00C04F79EFBC}") = "HypCopsCrimsResPackFixer", "HypCopsCrimsResPackFixer\HypCopsCrimsResPackFixer.csproj", "{621C3E48-9128-485F-85E5-239D7A2AD431}"
EndProject
Global
	GlobalSection(SolutionConfigurationPlatforms) = preSolution
		Debug|Any CPU = Debug|Any CPU
		Release|Any CPU = Release|Any CPU
	EndGlobalSection
	GlobalSection(ProjectConfigurationPlatforms) = postSolution
		{621C3E48-9128-485F-85E5-239D7A2AD431}.Debug|Any CPU.ActiveCfg = Debug|Any CPU
		{621C3E48-9128-485F-85E5-239D7A2AD431}.Debug|Any CPU.Build.0 = Debug|Any CPU
		{621C3E48-9128-485F-85E5-239D7A2AD431}.Release|Any CPU.ActiveCfg = Release|Any CPU
		{621C3E48-9128-485F-85E5-239D7A2AD431}.Release|Any CPU.Build.0 = Release|Any CPU
	EndGlobalSection
	GlobalSection(SolutionProperties) = preSolution
		HideSolutionNode = FALSE
	EndGlobalSection
	GlobalSection(ExtensibilityGlobals) = postSolution
		SolutionGuid = {655E5A29-A039-4894-A52A-AE907BBD3813}
	EndGlobalSection
EndGlobal
